<?xml version="1.0" encoding="utf-8"?>
<Project ToolsVersion="4.0" xmlns="http://schemas.microsoft.com/developer/msbuild/2003">
  <ItemGroup>
    <Filter Include="Quelldateien">
      <UniqueIdentifier>{4FC737F1-C7A5-4376-A066-2A32D752A2FF}</UniqueIdentifier>
      <Extensions>cpp;c;cc;cxx;def;odl;idl;hpj;bat;asm;asmx</Extensions>
    </Filter>
    <Filter Include="Headerdateien">
      <UniqueIdentifier>{93995380-89BD-4b04-88EB-625FBE52EBFB}</UniqueIdentifier>
      <Extensions>h;hh;hpp;hxx;hm;inl;inc;xsd</Extensions>
    </Filter>
    <Filter Include="Ressourcendateien">
      <UniqueIdentifier>{67DA6AB6-F800-4c08-8B7A-83BB121AAD01}</UniqueIdentifier>
      <Extensions>rc;ico;cur;bmp;dlg;rc2;rct;bin;rgs;gif;jpg;jpeg;jpe;resx;tiff;tif;png;wav;mfcribbon-ms</Extensions>
    </Filter>
  </ItemGroup>
  <ItemGroup>
    <ClCompile Include="Logger.cpp">
      <Filter>Quelldateien</Filter>
    </ClCompile>
    <ClCompile Include="Raumkern.cpp">
      <Filter>Quelldateien</Filter>
    </ClCompile>
    <ClCompile Include="RaumkernSignal.cpp">
      <Filter>Quelldateien</Filter>
    </ClCompile>
    <ClCompile Include="Manager.cpp">
      <Filter>Quelldateien</Filter>
    </ClCompile>
    <ClCompile Include="ZoneManager.cpp">
      <Filter>Quelldateien</Filter>
    </ClCompile>
    <ClCompile Include="DeviceManager.cpp">
      <Filter>Quelldateien</Filter>
    </ClCompile>
    <ClCompile Include="Renderer.cpp">
      <Filter>Quelldateien</Filter>
    </ClCompile>
    <ClCompile Include="RaumkernObject.cpp">
      <Filter>Quelldateien</Filter>
    </ClCompile>
    <ClCompile Include="proxies\CpUpnpOrgAVTransport_RaumfeldVirtual1Std.cpp">
      <Filter>Quelldateien</Filter>
    </ClCompile>
    <ClCompile Include="proxies\CpUpnpOrgConnectionManager_RaumfeldVirtual1Std.cpp">
      <Filter>Quelldateien</Filter>
    </ClCompile>
    <ClCompile Include="proxies\CpUpnpOrgRenderingControl_RaumfeldVirtual1Std.cpp">
      <Filter>Quelldateien</Filter>
    </ClCompile>
    <ClCompile Include="Global.cpp">
      <Filter>Quelldateien</Filter>
    </ClCompile>
    <ClCompile Include="MediaServer.cpp">
      <Filter>Quelldateien</Filter>
    </ClCompile>
    <ClCompile Include="proxies\CpUpnpOrgContentDirectory_Raumfeld1Std.cpp">
      <Filter>Quelldateien</Filter>
    </ClCompile>
    <ClCompile Include="ManagerList.cpp">
      <Filter>Quelldateien</Filter>
    </ClCompile>
    <ClCompile Include="urlcpp\Url.cpp">
      <Filter>Quelldateien</Filter>
    </ClCompile>
    <ClCompile Include="urlcpp\Path.cpp">
      <Filter>Quelldateien</Filter>
    </ClCompile>
    <ClCompile Include="WebServer.cpp">
      <Filter>Quelldateien</Filter>
    </ClCompile>
    <ClCompile Include="ContentManager.cpp">
      <Filter>Quelldateien</Filter>
    </ClCompile>
    <ClCompile Include="MediaItem.cpp">
      <Filter>Quelldateien</Filter>
    </ClCompile>
    <ClCompile Include="proxies\CpUpnpOrgContentDirectory1.cpp">
      <Filter>Quelldateien</Filter>
    </ClCompile>
    <ClCompile Include="MediaBrowser.cpp">
      <Filter>Quelldateien</Filter>
    </ClCompile>
    <ClCompile Include="WebServerResponseHandler.cpp">
      <Filter>Quelldateien</Filter>
    </ClCompile>
  </ItemGroup>
  <ItemGroup>
    <ClInclude Include="Logger.h">
      <Filter>Headerdateien</Filter>
    </ClInclude>
    <ClInclude Include="Raumkern.h">
      <Filter>Headerdateien</Filter>
    </ClInclude>
    <ClInclude Include="Manager.h">
      <Filter>Headerdateien</Filter>
    </ClInclude>
    <ClInclude Include="ZoneManager.h">
      <Filter>Headerdateien</Filter>
    </ClInclude>
    <ClInclude Include="os.h">
      <Filter>Headerdateien</Filter>
    </ClInclude>
    <ClInclude Include="DeviceManager.h">
      <Filter>Headerdateien</Filter>
    </ClInclude>
    <ClInclude Include="Renderer.h">
      <Filter>Headerdateien</Filter>
    </ClInclude>
    <ClInclude Include="RaumkernObject.h">
      <Filter>Headerdateien</Filter>
    </ClInclude>
    <ClInclude Include="proxies\CpUpnpOrgAVTransport_RaumfeldVirtual1.h">
      <Filter>Headerdateien</Filter>
    </ClInclude>
    <ClInclude Include="proxies\CpUpnpOrgConnectionManager_RaumfeldVirtual1.h">
      <Filter>Headerdateien</Filter>
    </ClInclude>
    <ClInclude Include="proxies\CpUpnpOrgRenderingControl_RaumfeldVirtual1.h">
      <Filter>Headerdateien</Filter>
    </ClInclude>
    <ClInclude Include="Global.h">
      <Filter>Headerdateien</Filter>
    </ClInclude>
    <ClInclude Include="MediaServer.h">
      <Filter>Headerdateien</Filter>
    </ClInclude>
    <ClInclude Include="proxies\CpUpnpOrgContentDirectory_Raumfeld1.h">
      <Filter>Headerdateien</Filter>
    </ClInclude>
    <ClInclude Include="ManagerList.h">
      <Filter>Headerdateien</Filter>
    </ClInclude>
    <ClInclude Include="urlcpp\Path.h">
      <Filter>Headerdateien</Filter>
    </ClInclude>
    <ClInclude Include="urlcpp\Url.h">
      <Filter>Headerdateien</Filter>
    </ClInclude>
    <ClInclude Include="WebServer.h">
      <Filter>Headerdateien</Filter>
    </ClInclude>
    <ClInclude Include="webserver\client_http.hpp">
      <Filter>Headerdateien</Filter>
    </ClInclude>
    <ClInclude Include="webserver\server_http.hpp">
      <Filter>Headerdateien</Filter>
    </ClInclude>
    <ClInclude Include="ContentManager.h">
      <Filter>Headerdateien</Filter>
    </ClInclude>
    <ClInclude Include="MediaItem.h">
      <Filter>Headerdateien</Filter>
    </ClInclude>
    <ClInclude Include="proxies\CpUpnpOrgContentDirectory1.h">
      <Filter>Headerdateien</Filter>
    </ClInclude>
    <ClInclude Include="MediaBrowser.h">
      <Filter>Headerdateien</Filter>
    </ClInclude>
    <ClInclude Include="WebServerResponseHandler.h">
      <Filter>Headerdateien</Filter>
    </ClInclude>
  </ItemGroup>
  <ItemGroup>
    <Text Include="..\raumKernelHistory.txt" />
  </ItemGroup>
</Project>